
Microsoft Visual Studio Solution File, Format Version 12.00
# Visual Studio 15
VisualStudioVersion = 15.0.28010.2026
MinimumVisualStudioVersion = 10.0.40219.1
Project("{FAE04EC0-301F-11D3-BF4B-00C04F79EFBC}") = "Lesson6_Classes", "Lesson6_Classes\Lesson6_Classes.csproj", "{5928A254-031B-4A35-8B9E-66FFF80B3973}"
EndProject
Global
	GlobalSection(SolutionConfigurationPlatforms) = preSolution
		Debug|Any CPU = Debug|Any CPU
		Release|Any CPU = Release|Any CPU
	EndGlobalSection
	GlobalSection(ProjectConfigurationPlatforms) = postSolution
		{5928A254-031B-4A35-8B9E-66FFF80B3973}.Debug|Any CPU.ActiveCfg = Debug|Any CPU
		{5928A254-031B-4A35-8B9E-66FFF80B3973}.Debug|Any CPU.Build.0 = Debug|Any CPU
		{5928A254-031B-4A35-8B9E-66FFF80B3973}.Release|Any CPU.ActiveCfg = Release|Any CPU
		{5928A254-031B-4A35-8B9E-66FFF80B3973}.Release|Any CPU.Build.0 = Release|Any CPU
	EndGlobalSection
	GlobalSection(SolutionProperties) = preSolution
		HideSolutionNode = FALSE
	EndGlobalSection
	GlobalSection(ExtensibilityGlobals) = postSolution
		SolutionGuid = {4E617FF6-6471-42DB-9C28-9CD67A4E4588}
	EndGlobalSection
EndGlobal
